PODS:
  - CleanyModal (1.0.3)
  - Colorful (3.0.0)
  - Eureka (5.3.4)
  - Euromsg (2.4.1)
  - VisilabsIOS (3.3.1)

DEPENDENCIES:
  - CleanyModal
  - Colorful
  - Eureka
  - Euromsg
  - VisilabsIOS (from `../`)

SPEC REPOS:
  trunk:
    - CleanyModal
    - Colorful
    - Eureka
    - Euromsg

EXTERNAL SOURCES:
  VisilabsIOS:
    :path: "../"

SPEC CHECKSUMS:
  CleanyModal: 5e5fece5b1de97b47ea091f6390ec2b16bfa2f20
  Colorful: 9e093edacaa9fb73512ad9da157f0707b82d2542
  Eureka: 60cf058f86a8fb3ed26165ba5292b9850361b0a6
  Euromsg: 265f05ef95d1e72baf121d6d7574ef1662f2f359
  VisilabsIOS: 0772850df6f53248d5d92a0ba57855264202d209

PODFILE CHECKSUM: 37eb5f3e9a2f3ac48e581d087a56e280a7f7889b

COCOAPODS: 1.11.2
